
Microsoft Visual Studio Solution File, Format Version 12.00
# Visual Studio Version 16
VisualStudioVersion = 16.0.31112.23
MinimumVisualStudioVersion = 10.0.40219.1
Project("{FAE04EC0-301F-11D3-BF4B-00C04F79EFBC}") = "CarbonZ", "CarbonZ\CarbonZ.csproj", "{AA2047E6-4962-4857-876E-7115BBA141CA}"
EndProject
Global
	GlobalSection(SolutionConfigurationPlatforms) = preSolution
		Debug|Any CPU = Debug|Any CPU
		Release|Any CPU = Release|Any CPU
	EndGlobalSection
	GlobalSection(ProjectConfigurationPlatforms) = postSolution
		{AA2047E6-4962-4857-876E-7115BBA141CA}.Debug|Any CPU.ActiveCfg = Debug|Any CPU
		{AA2047E6-4962-4857-876E-7115BBA141CA}.Debug|Any CPU.Build.0 = Debug|Any CPU
		{AA2047E6-4962-4857-876E-7115BBA141CA}.Release|Any CPU.ActiveCfg = Release|Any CPU
		{AA2047E6-4962-4857-876E-7115BBA141CA}.Release|Any CPU.Build.0 = Release|Any CPU
	EndGlobalSection
	GlobalSection(SolutionProperties) = preSolution
		HideSolutionNode = FALSE
	EndGlobalSection
	GlobalSection(ExtensibilityGlobals) = postSolution
		SolutionGuid = {B706A477-FDE1-4911-94B1-A8AABE1CD8A3}
	EndGlobalSection
EndGlobal
